
Microsoft Visual Studio Solution File, Format Version 12.00
# Visual Studio Version 17
VisualStudioVersion = 17.5.002.0
MinimumVisualStudioVersion = 10.0.40219.1
Project("{9A19103F-16F7-4668-BE54-9A1E7A4F7556}") = "program008_radici_metody", "program008_radici_metody.csproj", "{1F41C2D2-D09E-4A3A-8ED5-1131EEA1FD9B}"
EndProject
Global
	GlobalSection(SolutionConfigurationPlatforms) = preSolution
		Debug|Any CPU = Debug|Any CPU
		Release|Any CPU = Release|Any CPU
	EndGlobalSection
	GlobalSection(ProjectConfigurationPlatforms) = postSolution
		{1F41C2D2-D09E-4A3A-8ED5-1131EEA1FD9B}.Debug|Any CPU.ActiveCfg = Debug|Any CPU
		{1F41C2D2-D09E-4A3A-8ED5-1131EEA1FD9B}.Debug|Any CPU.Build.0 = Debug|Any CPU
		{1F41C2D2-D09E-4A3A-8ED5-1131EEA1FD9B}.Release|Any CPU.ActiveCfg = Release|Any CPU
		{1F41C2D2-D09E-4A3A-8ED5-1131EEA1FD9B}.Release|Any CPU.Build.0 = Release|Any CPU
	EndGlobalSection
	GlobalSection(SolutionProperties) = preSolution
		HideSolutionNode = FALSE
	EndGlobalSection
	GlobalSection(ExtensibilityGlobals) = postSolution
		SolutionGuid = {E92872CC-3257-4A7B-910C-7C1A48E2836E}
	EndGlobalSection
EndGlobal
