
Microsoft Visual Studio Solution File, Format Version 12.00
# Visual Studio Version 17
VisualStudioVersion = 17.5.002.0
MinimumVisualStudioVersion = 10.0.40219.1
Project("{9A19103F-16F7-4668-BE54-9A1E7A4F7556}") = "program013a-aritmeticka-posloupnost", "program013a-aritmeticka-posloupnost.csproj", "{74AFE12A-6688-4476-9B51-FBBC71DAB887}"
EndProject
Global
	GlobalSection(SolutionConfigurationPlatforms) = preSolution
		Debug|Any CPU = Debug|Any CPU
		Release|Any CPU = Release|Any CPU
	EndGlobalSection
	GlobalSection(ProjectConfigurationPlatforms) = postSolution
		{74AFE12A-6688-4476-9B51-FBBC71DAB887}.Debug|Any CPU.ActiveCfg = Debug|Any CPU
		{74AFE12A-6688-4476-9B51-FBBC71DAB887}.Debug|Any CPU.Build.0 = Debug|Any CPU
		{74AFE12A-6688-4476-9B51-FBBC71DAB887}.Release|Any CPU.ActiveCfg = Release|Any CPU
		{74AFE12A-6688-4476-9B51-FBBC71DAB887}.Release|Any CPU.Build.0 = Release|Any CPU
	EndGlobalSection
	GlobalSection(SolutionProperties) = preSolution
		HideSolutionNode = FALSE
	EndGlobalSection
	GlobalSection(ExtensibilityGlobals) = postSolution
		SolutionGuid = {46CC1300-D6B3-4820-BBB1-0B7E401124D3}
	EndGlobalSection
EndGlobal
