
Microsoft Visual Studio Solution File, Format Version 12.00
# Visual Studio Version 17
VisualStudioVersion = 17.5.002.0
MinimumVisualStudioVersion = 10.0.40219.1
Project("{9A19103F-16F7-4668-BE54-9A1E7A4F7556}") = "program014b-10toK", "program014b-10toK.csproj", "{9F89A091-5400-4617-BDB7-D4200DC32060}"
EndProject
Global
	GlobalSection(SolutionConfigurationPlatforms) = preSolution
		Debug|Any CPU = Debug|Any CPU
		Release|Any CPU = Release|Any CPU
	EndGlobalSection
	GlobalSection(ProjectConfigurationPlatforms) = postSolution
		{9F89A091-5400-4617-BDB7-D4200DC32060}.Debug|Any CPU.ActiveCfg = Debug|Any CPU
		{9F89A091-5400-4617-BDB7-D4200DC32060}.Debug|Any CPU.Build.0 = Debug|Any CPU
		{9F89A091-5400-4617-BDB7-D4200DC32060}.Release|Any CPU.ActiveCfg = Release|Any CPU
		{9F89A091-5400-4617-BDB7-D4200DC32060}.Release|Any CPU.Build.0 = Release|Any CPU
	EndGlobalSection
	GlobalSection(SolutionProperties) = preSolution
		HideSolutionNode = FALSE
	EndGlobalSection
	GlobalSection(ExtensibilityGlobals) = postSolution
		SolutionGuid = {7904D425-8B6A-4CB0-B8D6-9EB0D40F0639}
	EndGlobalSection
EndGlobal
