
Microsoft Visual Studio Solution File, Format Version 12.00
# Visual Studio Version 17
VisualStudioVersion = 17.5.002.0
MinimumVisualStudioVersion = 10.0.40219.1
Project("{9A19103F-16F7-4668-BE54-9A1E7A4F7556}") = "program011a-vypocet-pi", "program011a-vypocet-pi.csproj", "{78B4CD08-F49D-4E80-8C86-8D1D676E85C4}"
EndProject
Global
	GlobalSection(SolutionConfigurationPlatforms) = preSolution
		Debug|Any CPU = Debug|Any CPU
		Release|Any CPU = Release|Any CPU
	EndGlobalSection
	GlobalSection(ProjectConfigurationPlatforms) = postSolution
		{78B4CD08-F49D-4E80-8C86-8D1D676E85C4}.Debug|Any CPU.ActiveCfg = Debug|Any CPU
		{78B4CD08-F49D-4E80-8C86-8D1D676E85C4}.Debug|Any CPU.Build.0 = Debug|Any CPU
		{78B4CD08-F49D-4E80-8C86-8D1D676E85C4}.Release|Any CPU.ActiveCfg = Release|Any CPU
		{78B4CD08-F49D-4E80-8C86-8D1D676E85C4}.Release|Any CPU.Build.0 = Release|Any CPU
	EndGlobalSection
	GlobalSection(SolutionProperties) = preSolution
		HideSolutionNode = FALSE
	EndGlobalSection
	GlobalSection(ExtensibilityGlobals) = postSolution
		SolutionGuid = {F6DB8288-55AD-4503-8809-B8E5683AC8A5}
	EndGlobalSection
EndGlobal
