
Microsoft Visual Studio Solution File, Format Version 12.00
# Visual Studio Version 17
VisualStudioVersion = 17.5.002.0
MinimumVisualStudioVersion = 10.0.40219.1
Project("{9A19103F-16F7-4668-BE54-9A1E7A4F7556}") = "program007-bubble-sort", "program007-bubble-sort.csproj", "{BCAEA498-A19E-4C0E-A55F-DB5390245920}"
EndProject
Global
	GlobalSection(SolutionConfigurationPlatforms) = preSolution
		Debug|Any CPU = Debug|Any CPU
		Release|Any CPU = Release|Any CPU
	EndGlobalSection
	GlobalSection(ProjectConfigurationPlatforms) = postSolution
		{BCAEA498-A19E-4C0E-A55F-DB5390245920}.Debug|Any CPU.ActiveCfg = Debug|Any CPU
		{BCAEA498-A19E-4C0E-A55F-DB5390245920}.Debug|Any CPU.Build.0 = Debug|Any CPU
		{BCAEA498-A19E-4C0E-A55F-DB5390245920}.Release|Any CPU.ActiveCfg = Release|Any CPU
		{BCAEA498-A19E-4C0E-A55F-DB5390245920}.Release|Any CPU.Build.0 = Release|Any CPU
	EndGlobalSection
	GlobalSection(SolutionProperties) = preSolution
		HideSolutionNode = FALSE
	EndGlobalSection
	GlobalSection(ExtensibilityGlobals) = postSolution
		SolutionGuid = {94063331-8A7A-4D26-B96D-F15F1EC2C694}
	EndGlobalSection
EndGlobal
